
Microsoft Visual Studio Solution File, Format Version 12.00
# Visual Studio Version 16
VisualStudioVersion = 16.0.28803.202
MinimumVisualStudioVersion = 10.0.40219.1
Project("{F184B08F-C81C-45F6-A57F-5ABD9991F28F}") = "AS91880", "AS91880\AS91880.vbproj", "{98109762-3841-40F6-BB74-7979F5E3E8B8}"
EndProject
Global
	GlobalSection(SolutionConfigurationPlatforms) = preSolution
		Debug|Any CPU = Debug|Any CPU
		Release|Any CPU = Release|Any CPU
	EndGlobalSection
	GlobalSection(ProjectConfigurationPlatforms) = postSolution
		{98109762-3841-40F6-BB74-7979F5E3E8B8}.Debug|Any CPU.ActiveCfg = Debug|Any CPU
		{98109762-3841-40F6-BB74-7979F5E3E8B8}.Debug|Any CPU.Build.0 = Debug|Any CPU
		{98109762-3841-40F6-BB74-7979F5E3E8B8}.Release|Any CPU.ActiveCfg = Release|Any CPU
		{98109762-3841-40F6-BB74-7979F5E3E8B8}.Release|Any CPU.Build.0 = Release|Any CPU
	EndGlobalSection
	GlobalSection(SolutionProperties) = preSolution
		HideSolutionNode = FALSE
	EndGlobalSection
	GlobalSection(ExtensibilityGlobals) = postSolution
		SolutionGuid = {E4ECEF16-A7DE-4BDE-83D3-E51B5B537B17}
	EndGlobalSection
EndGlobal
